# This file is automatically @generated by Cargo.
# It is not intended for manual editing.
version = 4

[[package]]
name = "grannus-core"
version = "0.0.1"

[[package]]
name = "grannus-host"
version = "0.0.1"
dependencies = [
 "grannus-core",
 "grannus-platform",
 "grannus-protocol",
]

[[package]]
name = "grannus-platform"
version = "0.0.1"
dependencies = [
 "grannus-core",
]

[[package]]
name = "grannus-protocol"
version = "0.0.1"
dependencies = [
 "grannus-core",
]
